
Microsoft Visual Studio Solution File, Format Version 12.00
# Visual Studio Version 16
VisualStudioVersion = 16.0.30611.23
MinimumVisualStudioVersion = 10.0.40219.1
Project("{8BC9CEB8-8B4A-11D0-8D11-00A0C91BC942}") = "Factori", "Factori\Factori.vcxproj", "{167FCE95-42B5-4484-A7CA-07DE5B89923F}"
EndProject
Global
	GlobalSection(SolutionConfigurationPlatforms) = preSolution
		Debug|x64 = Debug|x64
		Debug|x86 = Debug|x86
		Release|x64 = Release|x64
		Release|x86 = Release|x86
	EndGlobalSection
	GlobalSection(ProjectConfigurationPlatforms) = postSolution
		{167FCE95-42B5-4484-A7CA-07DE5B89923F}.Debug|x64.ActiveCfg = Debug|x64
		{167FCE95-42B5-4484-A7CA-07DE5B89923F}.Debug|x64.Build.0 = Debug|x64
		{167FCE95-42B5-4484-A7CA-07DE5B89923F}.Debug|x86.ActiveCfg = Debug|Win32
		{167FCE95-42B5-4484-A7CA-07DE5B89923F}.Debug|x86.Build.0 = Debug|Win32
		{167FCE95-42B5-4484-A7CA-07DE5B89923F}.Release|x64.ActiveCfg = Release|x64
		{167FCE95-42B5-4484-A7CA-07DE5B89923F}.Release|x64.Build.0 = Release|x64
		{167FCE95-42B5-4484-A7CA-07DE5B89923F}.Release|x86.ActiveCfg = Release|Win32
		{167FCE95-42B5-4484-A7CA-07DE5B89923F}.Release|x86.Build.0 = Release|Win32
	EndGlobalSection
	GlobalSection(SolutionProperties) = preSolution
		HideSolutionNode = FALSE
	EndGlobalSection
	GlobalSection(ExtensibilityGlobals) = postSolution
		SolutionGuid = {77FEDCF9-9C1C-4BF0-B763-4F6105FA55EA}
	EndGlobalSection
EndGlobal
